// !$*UTF8*$!
{
	archiveVersion = 1;
	classes = {
	};
	objectVersion = 56;
	objects = {

/* Begin PBXBuildFile section */
		195CBAE32A8B767700B31FA3 /* LoginAppApp.swift in Sources */ = {isa = PBXBuildFile; fileRef = 195CBAE22A8B767700B31FA3 /* LoginAppApp.swift */; };
		195CBAE52A8B767700B31FA3 /* ContentView.swift in Sources */ = {isa = PBXBuildFile; fileRef = 195CBAE42A8B767700B31FA3 /* ContentView.swift */; };
		195CBAE72A8B767700B31FA3 /* Assets.xcassets in Resources */ = {isa = PBXBuildFile; fileRef = 195CBAE62A8B767700B31FA3 /* Assets.xcassets */; };
		195CBAEA2A8B767700B31FA3 /* Preview Assets.xcassets in Resources */ = {isa = PBXBuildFile; fileRef = 195CBAE92A8B767700B31FA3 /* Preview Assets.xcassets */; };
		195CBAF22A8B772300B31FA3 /* Login.swift in Sources */ = {isa = PBXBuildFile; fileRef = 195CBAF12A8B772300B31FA3 /* Login.swift */; };
		195CBAF52A8B781C00B31FA3 /* View+Extensions.swift in Sources */ = {isa = PBXBuildFile; fileRef = 195CBAF42A8B781C00B31FA3 /* View+Extensions.swift */; };
		195CBAF72A8B79BA00B31FA3 /* CustomTF.swift in Sources */ = {isa = PBXBuildFile; fileRef = 195CBAF62A8B79BA00B31FA3 /* CustomTF.swift */; };
		195CBAF92A8B7FCF00B31FA3 /* GradientButton.swift in Sources */ = {isa = PBXBuildFile; fileRef = 195CBAF82A8B7FCF00B31FA3 /* GradientButton.swift */; };
		19F61EE52A8BB0E700147DC7 /* SignUp.swift in Sources */ = {isa = PBXBuildFile; fileRef = 19F61EE42A8BB0E700147DC7 /* SignUp.swift */; };
		19F61EE72A8BB2F500147DC7 /* ForgotPassword.swift in Sources */ = {isa = PBXBuildFile; fileRef = 19F61EE62A8BB2F500147DC7 /* ForgotPassword.swift */; };
		19F61EE92A8BB5AD00147DC7 /* PasswordResetView.swift in Sources */ = {isa = PBXBuildFile; fileRef = 19F61EE82A8BB5AD00147DC7 /* PasswordResetView.swift */; };
		19F61EEB2A8BB6CA00147DC7 /* OTPView.swift in Sources */ = {isa = PBXBuildFile; fileRef = 19F61EEA2A8BB6CA00147DC7 /* OTPView.swift */; };
		19F61EED2A8BB87300147DC7 /* OTPVerificationView.swift in Sources */ = {isa = PBXBuildFile; fileRef = 19F61EEC2A8BB87300147DC7 /* OTPVerificationView.swift */; };
/* End PBXBuildFile section */

/* Begin PBXFileReference section */
		195CBADF2A8B767700B31FA3 /* LoginApp.app */ = {isa = PBXFileReference; explicitFileType = wrapper.application; includeInIndex = 0; path = LoginApp.app; sourceTree = BUILT_PRODUCTS_DIR; };
		195CBAE22A8B767700B31FA3 /* LoginAppApp.swift */ = {isa = PBXFileReference; lastKnownFileType = sourcecode.swift; path = LoginAppApp.swift; sourceTree = "<group>"; };
		195CBAE42A8B767700B31FA3 /* ContentView.swift */ = {isa = PBXFileReference; lastKnownFileType = sourcecode.swift; path = ContentView.swift; sourceTree = "<group>"; };
		195CBAE62A8B767700B31FA3 /* Assets.xcassets */ = {isa = PBXFileReference; lastKnownFileType = folder.assetcatalog; path = Assets.xcassets; sourceTree = "<group>"; };
		195CBAE92A8B767700B31FA3 /* Preview Assets.xcassets */ = {isa = PBXFileReference; lastKnownFileType = folder.assetcatalog; path = "Preview Assets.xcassets"; sourceTree = "<group>"; };
		195CBAF12A8B772300B31FA3 /* Login.swift */ = {isa = PBXFileReference; lastKnownFileType = sourcecode.swift; path = Login.swift; sourceTree = "<group>"; };
		195CBAF42A8B781C00B31FA3 /* View+Extensions.swift */ = {isa = PBXFileReference; lastKnownFileType = sourcecode.swift; path = "View+Extensions.swift"; sourceTree = "<group>"; };
		195CBAF62A8B79BA00B31FA3 /* CustomTF.swift */ = {isa = PBXFileReference; lastKnownFileType = sourcecode.swift; path = CustomTF.swift; sourceTree = "<group>"; };
		195CBAF82A8B7FCF00B31FA3 /* GradientButton.swift */ = {isa = PBXFileReference; lastKnownFileType = sourcecode.swift; path = GradientButton.swift; sourceTree = "<group>"; };
		19F61EE42A8BB0E700147DC7 /* SignUp.swift */ = {isa = PBXFileReference; lastKnownFileType = sourcecode.swift; path = SignUp.swift; sourceTree = "<group>"; };
		19F61EE62A8BB2F500147DC7 /* ForgotPassword.swift */ = {isa = PBXFileReference; lastKnownFileType = sourcecode.swift; path = ForgotPassword.swift; sourceTree = "<group>"; };
		19F61EE82A8BB5AD00147DC7 /* PasswordResetView.swift */ = {isa = PBXFileReference; lastKnownFileType = sourcecode.swift; path = PasswordResetView.swift; sourceTree = "<group>"; };
		19F61EEA2A8BB6CA00147DC7 /* OTPView.swift */ = {isa = PBXFileReference; lastKnownFileType = sourcecode.swift; path = OTPView.swift; sourceTree = "<group>"; };
		19F61EEC2A8BB87300147DC7 /* OTPVerificationView.swift */ = {isa = PBXFileReference; lastKnownFileType = sourcecode.swift; path = OTPVerificationView.swift; sourceTree = "<group>"; };
/* End PBXFileReference section */

/* Begin PBXFrameworksBuildPhase section */
		195CBADC2A8B767700B31FA3 /* Frameworks */ = {
			isa = PBXFrameworksBuildPhase;
			buildActionMask = 2147483647;
			files = (
			);
			runOnlyForDeploymentPostprocessing = 0;
		};
/* End PBXFrameworksBuildPhase section */

/* Begin PBXGroup section */
		195CBAD62A8B767700B31FA3 = {
			isa = PBXGroup;
			children = (
				195CBAE12A8B767700B31FA3 /* LoginApp */,
				195CBAE02A8B767700B31FA3 /* Products */,
			);
			sourceTree = "<group>";
		};
		195CBAE02A8B767700B31FA3 /* Products */ = {
			isa = PBXGroup;
			children = (
				195CBADF2A8B767700B31FA3 /* LoginApp.app */,
			);
			name = Products;
			sourceTree = "<group>";
		};
		195CBAE12A8B767700B31FA3 /* LoginApp */ = {
			isa = PBXGroup;
			children = (
				195CBAF32A8B780A00B31FA3 /* Helpers */,
				195CBAF02A8B770500B31FA3 /* View */,
				195CBAE22A8B767700B31FA3 /* LoginAppApp.swift */,
				195CBAE42A8B767700B31FA3 /* ContentView.swift */,
				195CBAE62A8B767700B31FA3 /* Assets.xcassets */,
				195CBAE82A8B767700B31FA3 /* Preview Content */,
			);
			path = LoginApp;
			sourceTree = "<group>";
		};
		195CBAE82A8B767700B31FA3 /* Preview Content */ = {
			isa = PBXGroup;
			children = (
				195CBAE92A8B767700B31FA3 /* Preview Assets.xcassets */,
			);
			path = "Preview Content";
			sourceTree = "<group>";
		};
		195CBAF02A8B770500B31FA3 /* View */ = {
			isa = PBXGroup;
			children = (
				195CBAF12A8B772300B31FA3 /* Login.swift */,
				195CBAF62A8B79BA00B31FA3 /* CustomTF.swift */,
				195CBAF82A8B7FCF00B31FA3 /* GradientButton.swift */,
				19F61EE42A8BB0E700147DC7 /* SignUp.swift */,
				19F61EE62A8BB2F500147DC7 /* ForgotPassword.swift */,
				19F61EE82A8BB5AD00147DC7 /* PasswordResetView.swift */,
				19F61EEA2A8BB6CA00147DC7 /* OTPView.swift */,
				19F61EEC2A8BB87300147DC7 /* OTPVerificationView.swift */,
			);
			path = View;
			sourceTree = "<group>";
		};
		195CBAF32A8B780A00B31FA3 /* Helpers */ = {
			isa = PBXGroup;
			children = (
				195CBAF42A8B781C00B31FA3 /* View+Extensions.swift */,
			);
			path = Helpers;
			sourceTree = "<group>";
		};
/* End PBXGroup section */

/* Begin PBXNativeTarget section */
		195CBADE2A8B767700B31FA3 /* LoginApp */ = {
			isa = PBXNativeTarget;
			buildConfigurationList = 195CBAED2A8B767700B31FA3 /* Build configuration list for PBXNativeTarget "LoginApp" */;
			buildPhases = (
				195CBADB2A8B767700B31FA3 /* Sources */,
				195CBADC2A8B767700B31FA3 /* Frameworks */,
				195CBADD2A8B767700B31FA3 /* Resources */,
			);
			buildRules = (
			);
			dependencies = (
			);
			name = LoginApp;
			productName = LoginApp;
			productReference = 195CBADF2A8B767700B31FA3 /* LoginApp.app */;
			productType = "com.apple.product-type.application";
		};
/* End PBXNativeTarget section */

/* Begin PBXProject section */
		195CBAD72A8B767700B31FA3 /* Project object */ = {
			isa = PBXProject;
			attributes = {
				BuildIndependentTargetsInParallel = 1;
				LastSwiftUpdateCheck = 1400;
				LastUpgradeCheck = 1400;
				TargetAttributes = {
					195CBADE2A8B767700B31FA3 = {
						CreatedOnToolsVersion = 14.0.1;
					};
				};
			};
			buildConfigurationList = 195CBADA2A8B767700B31FA3 /* Build configuration list for PBXProject "LoginApp" */;
			compatibilityVersion = "Xcode 14.0";
			developmentRegion = en;
			hasScannedForEncodings = 0;
			knownRegions = (
				en,
				Base,
			);
			mainGroup = 195CBAD62A8B767700B31FA3;
			productRefGroup = 195CBAE02A8B767700B31FA3 /* Products */;
			projectDirPath = "";
			projectRoot = "";
			targets = (
				195CBADE2A8B767700B31FA3 /* LoginApp */,
			);
		};
/* End PBXProject section */

/* Begin PBXResourcesBuildPhase section */
		195CBADD2A8B767700B31FA3 /* Resources */ = {
			isa = PBXResourcesBuildPhase;
			buildActionMask = 2147483647;
			files = (
				195CBAEA2A8B767700B31FA3 /* Preview Assets.xcassets in Resources */,
				195CBAE72A8B767700B31FA3 /* Assets.xcassets in Resources */,
			);
			runOnlyForDeploymentPostprocessing = 0;
		};
/* End PBXResourcesBuildPhase section */

/* Begin PBXSourcesBuildPhase section */
		195CBADB2A8B767700B31FA3 /* Sources */ = {
			isa = PBXSourcesBuildPhase;
			buildActionMask = 2147483647;
			files = (
				19F61EE52A8BB0E700147DC7 /* SignUp.swift in Sources */,
				19F61EED2A8BB87300147DC7 /* OTPVerificationView.swift in Sources */,
				195CBAF22A8B772300B31FA3 /* Login.swift in Sources */,
				195CBAF92A8B7FCF00B31FA3 /* GradientButton.swift in Sources */,
				19F61EE72A8BB2F500147DC7 /* ForgotPassword.swift in Sources */,
				195CBAE52A8B767700B31FA3 /* ContentView.swift in Sources */,
				195CBAF52A8B781C00B31FA3 /* View+Extensions.swift in Sources */,
				19F61EEB2A8BB6CA00147DC7 /* OTPView.swift in Sources */,
				19F61EE92A8BB5AD00147DC7 /* PasswordResetView.swift in Sources */,
				195CBAF72A8B79BA00B31FA3 /* CustomTF.swift in Sources */,
				195CBAE32A8B767700B31FA3 /* LoginAppApp.swift in Sources */,
			);
			runOnlyForDeploymentPostprocessing = 0;
		};
/* End PBXSourcesBuildPhase section */

/* Begin XCBuildConfiguration section */
		195CBAEB2A8B767700B31FA3 /* Debug */ = {
			isa = XCBuildConfiguration;
			buildSettings = {
				ALWAYS_SEARCH_USER_PATHS = NO;
				CLANG_ANALYZER_NONNULL = YES;
				CLANG_ANALYZER_NUMBER_OBJECT_CONVERSION = YES_AGGRESSIVE;
				CLANG_CXX_LANGUAGE_STANDARD = "gnu++20";
				CLANG_ENABLE_MODULES = YES;
				CLANG_ENABLE_OBJC_ARC = YES;
				CLANG_ENABLE_OBJC_WEAK = YES;
				CLANG_WARN_BLOCK_CAPTURE_AUTORELEASING = YES;
				CLANG_WARN_BOOL_CONVERSION = YES;
				CLANG_WARN_COMMA = YES;
				CLANG_WARN_CONSTANT_CONVERSION = YES;
				CLANG_WARN_DEPRECATED_OBJC_IMPLEMENTATIONS = YES;
				CLANG_WARN_DIRECT_OBJC_ISA_USAGE = YES_ERROR;
				CLANG_WARN_DOCUMENTATION_COMMENTS = YES;
				CLANG_WARN_EMPTY_BODY = YES;
				CLANG_WARN_ENUM_CONVERSION = YES;
				CLANG_WARN_INFINITE_RECURSION = YES;
				CLANG_WARN_INT_CONVERSION = YES;
				CLANG_WARN_NON_LITERAL_NULL_CONVERSION = YES;
				CLANG_WARN_OBJC_IMPLICIT_RETAIN_SELF = YES;
				CLANG_WARN_OBJC_LITERAL_CONVERSION = YES;
				CLANG_WARN_OBJC_ROOT_CLASS = YES_ERROR;
				CLANG_WARN_QUOTED_INCLUDE_IN_FRAMEWORK_HEADER = YES;
				CLANG_WARN_RANGE_LOOP_ANALYSIS = YES;
				CLANG_WARN_STRICT_PROTOTYPES = YES;
				CLANG_WARN_SUSPICIOUS_MOVE = YES;
				CLANG_WARN_UNGUARDED_AVAILABILITY = YES_AGGRESSIVE;
				CLANG_WARN_UNREACHABLE_CODE = YES;
				CLANG_WARN__DUPLICATE_METHOD_MATCH = YES;
				COPY_PHASE_STRIP = NO;
				DEBUG_INFORMATION_FORMAT = dwarf;
				ENABLE_STRICT_OBJC_MSGSEND = YES;
				ENABLE_TESTABILITY = YES;
				GCC_C_LANGUAGE_STANDARD = gnu11;
				GCC_DYNAMIC_NO_PIC = NO;
				GCC_NO_COMMON_BLOCKS = YES;
				GCC_OPTIMIZATION_LEVEL = 0;
				GCC_PREPROCESSOR_DEFINITIONS = (
					"DEBUG=1",
					"$(inherited)",
				);
				GCC_WARN_64_TO_32_BIT_CONVERSION = YES;
				GCC_WARN_ABOUT_RETURN_TYPE = YES_ERROR;
				GCC_WARN_UNDECLARED_SELECTOR = YES;
				GCC_WARN_UNINITIALIZED_AUTOS = YES_AGGRESSIVE;
				GCC_WARN_UNUSED_FUNCTION = YES;
				GCC_WARN_UNUSED_VARIABLE = YES;
				IPHONEOS_DEPLOYMENT_TARGET = 16.0;
				MTL_ENABLE_DEBUG_INFO = INCLUDE_SOURCE;
				MTL_FAST_MATH = YES;
				ONLY_ACTIVE_ARCH = YES;
				SDKROOT = iphoneos;
				SWIFT_ACTIVE_COMPILATION_CONDITIONS = DEBUG;
				SWIFT_OPTIMIZATION_LEVEL = "-Onone";
			};
			name = Debug;
		};
		195CBAEC2A8B767700B31FA3 /* Release */ = {
			isa = XCBuildConfiguration;
			buildSettings = {
				ALWAYS_SEARCH_USER_PATHS = NO;
				CLANG_ANALYZER_NONNULL = YES;
				CLANG_ANALYZER_NUMBER_OBJECT_CONVERSION = YES_AGGRESSIVE;
				CLANG_CXX_LANGUAGE_STANDARD = "gnu++20";
				CLANG_ENABLE_MODULES = YES;
				CLANG_ENABLE_OBJC_ARC = YES;
				CLANG_ENABLE_OBJC_WEAK = YES;
				CLANG_WARN_BLOCK_CAPTURE_AUTORELEASING = YES;
				CLANG_WARN_BOOL_CONVERSION = YES;
				CLANG_WARN_COMMA = YES;
				CLANG_WARN_CONSTANT_CONVERSION = YES;
				CLANG_WARN_DEPRECATED_OBJC_IMPLEMENTATIONS = YES;
				CLANG_WARN_DIRECT_OBJC_ISA_USAGE = YES_ERROR;
				CLANG_WARN_DOCUMENTATION_COMMENTS = YES;
				CLANG_WARN_EMPTY_BODY = YES;
				CLANG_WARN_ENUM_CONVERSION = YES;
				CLANG_WARN_INFINITE_RECURSION = YES;
				CLANG_WARN_INT_CONVERSION = YES;
				CLANG_WARN_NON_LITERAL_NULL_CONVERSION = YES;
				CLANG_WARN_OBJC_IMPLICIT_RETAIN_SELF = YES;
				CLANG_WARN_OBJC_LITERAL_CONVERSION = YES;
				CLANG_WARN_OBJC_ROOT_CLASS = YES_ERROR;
				CLANG_WARN_QUOTED_INCLUDE_IN_FRAMEWORK_HEADER = YES;
				CLANG_WARN_RANGE_LOOP_ANALYSIS = YES;
				CLANG_WARN_STRICT_PROTOTYPES = YES;
				CLANG_WARN_SUSPICIOUS_MOVE = YES;
				CLANG_WARN_UNGUARDED_AVAILABILITY = YES_AGGRESSIVE;
				CLANG_WARN_UNREACHABLE_CODE = YES;
				CLANG_WARN__DUPLICATE_METHOD_MATCH = YES;
				COPY_PHASE_STRIP = NO;
				DEBUG_INFORMATION_FORMAT = "dwarf-with-dsym";
				ENABLE_NS_ASSERTIONS = NO;
				ENABLE_STRICT_OBJC_MSGSEND = YES;
				GCC_C_LANGUAGE_STANDARD = gnu11;
				GCC_NO_COMMON_BLOCKS = YES;
				GCC_WARN_64_TO_32_BIT_CONVERSION = YES;
				GCC_WARN_ABOUT_RETURN_TYPE = YES_ERROR;
				GCC_WARN_UNDECLARED_SELECTOR = YES;
				GCC_WARN_UNINITIALIZED_AUTOS = YES_AGGRESSIVE;
				GCC_WARN_UNUSED_FUNCTION = YES;
				GCC_WARN_UNUSED_VARIABLE = YES;
				IPHONEOS_DEPLOYMENT_TARGET = 16.0;
				MTL_ENABLE_DEBUG_INFO = NO;
				MTL_FAST_MATH = YES;
				SDKROOT = iphoneos;
				SWIFT_COMPILATION_MODE = wholemodule;
				SWIFT_OPTIMIZATION_LEVEL = "-O";
				VALIDATE_PRODUCT = YES;
			};
			name = Release;
		};
		195CBAEE2A8B767700B31FA3 /* Debug */ = {
			isa = XCBuildConfiguration;
			buildSettings = {
				ASSETCATALOG_COMPILER_APPICON_NAME = AppIcon;
				ASSETCATALOG_COMPILER_GLOBAL_ACCENT_COLOR_NAME = AccentColor;
				CODE_SIGN_STYLE = Automatic;
				CURRENT_PROJECT_VERSION = 1;
				DEVELOPMENT_ASSET_PATHS = "\"LoginApp/Preview Content\"";
				DEVELOPMENT_TEAM = 6TRV26QN79;
				ENABLE_PREVIEWS = YES;
				GENERATE_INFOPLIST_FILE = YES;
				INFOPLIST_KEY_UIApplicationSceneManifest_Generation = YES;
				INFOPLIST_KEY_UIApplicationSupportsIndirectInputEvents = YES;
				INFOPLIST_KEY_UILaunchScreen_Generation = YES;
				INFOPLIST_KEY_UISupportedInterfaceOrientations_iPad = "UIInterfaceOrientationPortrait UIInterfaceOrientationPortraitUpsideDown UIInterfaceOrientationLandscapeLeft UIInterfaceOrientationLandscapeRight";
				INFOPLIST_KEY_UISupportedInterfaceOrientations_iPhone = "UIInterfaceOrientationPortrait UIInterfaceOrientationLandscapeLeft UIInterfaceOrientationLandscapeRight";
				IPHONEOS_DEPLOYMENT_TARGET = 16.0;
				LD_RUNPATH_SEARCH_PATHS = (
					"$(inherited)",
					"@executable_path/Frameworks",
				);
				MARKETING_VERSION = 1.0;
				PRODUCT_BUNDLE_IDENTIFIER = "-1.LoginApp";
				PRODUCT_NAME = "$(TARGET_NAME)";
				SWIFT_EMIT_LOC_STRINGS = YES;
				SWIFT_VERSION = 5.0;
				TARGETED_DEVICE_FAMILY = "1,2";
			};
			name = Debug;
		};
		195CBAEF2A8B767700B31FA3 /* Release */ = {
			isa = XCBuildConfiguration;
			buildSettings = {
				ASSETCATALOG_COMPILER_APPICON_NAME = AppIcon;
				ASSETCATALOG_COMPILER_GLOBAL_ACCENT_COLOR_NAME = AccentColor;
				CODE_SIGN_STYLE = Automatic;
				CURRENT_PROJECT_VERSION = 1;
				DEVELOPMENT_ASSET_PATHS = "\"LoginApp/Preview Content\"";
				DEVELOPMENT_TEAM = 6TRV26QN79;
				ENABLE_PREVIEWS = YES;
				GENERATE_INFOPLIST_FILE = YES;
				INFOPLIST_KEY_UIApplicationSceneManifest_Generation = YES;
				INFOPLIST_KEY_UIApplicationSupportsIndirectInputEvents = YES;
				INFOPLIST_KEY_UILaunchScreen_Generation = YES;
				INFOPLIST_KEY_UISupportedInterfaceOrientations_iPad = "UIInterfaceOrientationPortrait UIInterfaceOrientationPortraitUpsideDown UIInterfaceOrientationLandscapeLeft UIInterfaceOrientationLandscapeRight";
				INFOPLIST_KEY_UISupportedInterfaceOrientations_iPhone = "UIInterfaceOrientationPortrait UIInterfaceOrientationLandscapeLeft UIInterfaceOrientationLandscapeRight";
				IPHONEOS_DEPLOYMENT_TARGET = 16.0;
				LD_RUNPATH_SEARCH_PATHS = (
					"$(inherited)",
					"@executable_path/Frameworks",
				);
				MARKETING_VERSION = 1.0;
				PRODUCT_BUNDLE_IDENTIFIER = "-1.LoginApp";
				PRODUCT_NAME = "$(TARGET_NAME)";
				SWIFT_EMIT_LOC_STRINGS = YES;
				SWIFT_VERSION = 5.0;
				TARGETED_DEVICE_FAMILY = "1,2";
			};
			name = Release;
		};
/* End XCBuildConfiguration section */

/* Begin XCConfigurationList section */
		195CBADA2A8B767700B31FA3 /* Build configuration list for PBXProject "LoginApp" */ = {
			isa = XCConfigurationList;
			buildConfigurations = (
				195CBAEB2A8B767700B31FA3 /* Debug */,
				195CBAEC2A8B767700B31FA3 /* Release */,
			);
			defaultConfigurationIsVisible = 0;
			defaultConfigurationName = Release;
		};
		195CBAED2A8B767700B31FA3 /* Build configuration list for PBXNativeTarget "LoginApp" */ = {
			isa = XCConfigurationList;
			buildConfigurations = (
				195CBAEE2A8B767700B31FA3 /* Debug */,
				195CBAEF2A8B767700B31FA3 /* Release */,
			);
			defaultConfigurationIsVisible = 0;
			defaultConfigurationName = Release;
		};
/* End XCConfigurationList section */
	};
	rootObject = 195CBAD72A8B767700B31FA3 /* Project object */;
}
